
Microsoft Visual Studio Solution File, Format Version 12.00
# Visual Studio Version 16
VisualStudioVersion = 16.0.30225.117
MinimumVisualStudioVersion = 10.0.40219.1
Project("{FAE04EC0-301F-11D3-BF4B-00C04F79EFBC}") = "CryptoCommunity", "CryptoCommunity.csproj", "{83D30D09-9944-4E9E-9989-C45096A3F507}"
EndProject
Global
	GlobalSection(SolutionConfigurationPlatforms) = preSolution
		Debug|Any CPU = Debug|Any CPU
		Release|Any CPU = Release|Any CPU
	EndGlobalSection
	GlobalSection(ProjectConfigurationPlatforms) = postSolution
		{83D30D09-9944-4E9E-9989-C45096A3F507}.Debug|Any CPU.ActiveCfg = Debug|Any CPU
		{83D30D09-9944-4E9E-9989-C45096A3F507}.Debug|Any CPU.Build.0 = Debug|Any CPU
		{83D30D09-9944-4E9E-9989-C45096A3F507}.Release|Any CPU.ActiveCfg = Release|Any CPU
		{83D30D09-9944-4E9E-9989-C45096A3F507}.Release|Any CPU.Build.0 = Release|Any CPU
	EndGlobalSection
	GlobalSection(SolutionProperties) = preSolution
		HideSolutionNode = FALSE
	EndGlobalSection
	GlobalSection(ExtensibilityGlobals) = postSolution
		SolutionGuid = {22255B59-24A7-4737-AE85-8DEFA59169AD}
	EndGlobalSection
EndGlobal
